<?xml version="1.0" encoding="utf-8"?>
<Project ToolsVersion="4.0" xmlns="http://schemas.microsoft.com/developer/msbuild/2003">
  <ItemGroup>
    <Filter Include="Source Files">
      <UniqueIdentifier>{4FC737F1-C7A5-4376-A066-2A32D752A2FF}</UniqueIdentifier>
      <Extensions>cpp;c;cc;cxx;def;odl;idl;hpj;bat;asm;asmx</Extensions>
    </Filter>
    <Filter Include="Header Files">
      <UniqueIdentifier>{93995380-89BD-4b04-88EB-625FBE52EBFB}</UniqueIdentifier>
      <Extensions>h;hh;hpp;hxx;hm;inl;inc;xsd</Extensions>
    </Filter>
    <Filter Include="Resource Files">
      <UniqueIdentifier>{67DA6AB6-F800-4c08-8B7A-83BB121AAD01}</UniqueIdentifier>
      <Extensions>rc;ico;cur;bmp;dlg;rc2;rct;bin;rgs;gif;jpg;jpeg;jpe;resx;tiff;tif;png;wav;mfcribbon-ms</Extensions>
    </Filter>
    <Filter Include="Resource Files\FONTS">
      <UniqueIdentifier>{b5e82806-bf9b-4fdf-b17c-c35282c021a5}</UniqueIdentifier>
    </Filter>
    <Filter Include="Resource Files\IMAGES">
      <UniqueIdentifier>{1d793ccc-0d22-4eea-8d0e-c5b5a5270a40}</UniqueIdentifier>
    </Filter>
    <Filter Include="Source Files\Scenes">
      <UniqueIdentifier>{1769550f-e6a6-4195-b348-8d81be3aedcd}</UniqueIdentifier>
    </Filter>
    <Filter Include="Source Files\Renderers">
      <UniqueIdentifier>{7ea0d3cd-4e96-44ce-b95b-40c992ecb960}</UniqueIdentifier>
    </Filter>
    <Filter Include="Source Files\Inputs">
      <UniqueIdentifier>{021ea9a8-879b-487c-9bde-e48b7f29c904}</UniqueIdentifier>
    </Filter>
    <Filter Include="Source Files\Widgets">
      <UniqueIdentifier>{aee56462-3124-477d-bd19-fb54c960923e}</UniqueIdentifier>
    </Filter>
    <Filter Include="Header Files\Inputs">
      <UniqueIdentifier>{7101cd93-d796-43b7-a468-4c6e27995d3c}</UniqueIdentifier>
    </Filter>
    <Filter Include="Header Files\Renderers">
      <UniqueIdentifier>{96799e7d-8d0d-4a2c-bda0-482b915d17bc}</UniqueIdentifier>
    </Filter>
    <Filter Include="Header Files\Scenes">
      <UniqueIdentifier>{e04166dc-b7a5-4933-a3e4-8a87f018db99}</UniqueIdentifier>
    </Filter>
    <Filter Include="Header Files\Widgets">
      <UniqueIdentifier>{ae0d44c5-324e-44ca-8d97-67d3bfdfe2ef}</UniqueIdentifier>
    </Filter>
    <Filter Include="Header Files\Misc">
      <UniqueIdentifier>{b1a41d6c-f96d-4d68-9f14-cd1ce8692140}</UniqueIdentifier>
    </Filter>
    <Filter Include="Header Files\Enums">
      <UniqueIdentifier>{e840fcb3-a13c-4645-ab6c-00659441185a}</UniqueIdentifier>
    </Filter>
    <Filter Include="Source Files\Misc">
      <UniqueIdentifier>{615ea392-70ac-485a-9196-a58c588d93ca}</UniqueIdentifier>
    </Filter>
  </ItemGroup>
  <ItemGroup>
    <ClCompile Include="MainMenuScene.cpp">
      <Filter>Source Files\Scenes</Filter>
    </ClCompile>
    <ClCompile Include="PlayerSelectionScene.cpp">
      <Filter>Source Files\Scenes</Filter>
    </ClCompile>
    <ClCompile Include="SceneManager.cpp">
      <Filter>Source Files\Scenes</Filter>
    </ClCompile>
    <ClCompile Include="Scene.cpp">
      <Filter>Source Files\Scenes</Filter>
    </ClCompile>
    <ClCompile Include="GamePlayScene.cpp">
      <Filter>Source Files\Scenes</Filter>
    </ClCompile>
    <ClCompile Include="ConsoleGameBoardRenderer.cpp">
      <Filter>Source Files\Renderers</Filter>
    </ClCompile>
    <ClCompile Include="SfmlGameBoardRenderer.cpp">
      <Filter>Source Files\Renderers</Filter>
    </ClCompile>
    <ClCompile Include="SfmlUIRenderer.cpp">
      <Filter>Source Files\Renderers</Filter>
    </ClCompile>
    <ClCompile Include="ConsoleInput.cpp">
      <Filter>Source Files\Inputs</Filter>
    </ClCompile>
    <ClCompile Include="SfmlInput.cpp">
      <Filter>Source Files\Inputs</Filter>
    </ClCompile>
    <ClCompile Include="FourTechAI.cpp">
      <Filter>Source Files\Inputs</Filter>
    </ClCompile>
    <ClCompile Include="Button.cpp">
      <Filter>Source Files\Widgets</Filter>
    </ClCompile>
    <ClCompile Include="Window.cpp">
      <Filter>Source Files\Misc</Filter>
    </ClCompile>
    <ClCompile Include="FourTechEvaluator.cpp">
      <Filter>Source Files\Misc</Filter>
    </ClCompile>
    <ClCompile Include="FourTechRulesHandler.cpp">
      <Filter>Source Files\Misc</Filter>
    </ClCompile>
    <ClCompile Include="Game.cpp">
      <Filter>Source Files\Misc</Filter>
    </ClCompile>
    <ClCompile Include="GameBoard.cpp">
      <Filter>Source Files\Misc</Filter>
    </ClCompile>
    <ClCompile Include="Grid.cpp">
      <Filter>Source Files\Misc</Filter>
    </ClCompile>
    <ClCompile Include="main.cpp">
      <Filter>Source Files\Misc</Filter>
    </ClCompile>
    <ClCompile Include="Minimax.cpp">
      <Filter>Source Files\Misc</Filter>
    </ClCompile>
    <ClCompile Include="TurnHandler.cpp">
      <Filter>Source Files\Misc</Filter>
    </ClCompile>
  </ItemGroup>
  <ItemGroup>
    <ClInclude Include="Button.h">
      <Filter>Header Files\Widgets</Filter>
    </ClInclude>
    <ClInclude Include="Widget.h">
      <Filter>Header Files\Widgets</Filter>
    </ClInclude>
    <ClInclude Include="Input.h">
      <Filter>Header Files\Inputs</Filter>
    </ClInclude>
    <ClInclude Include="ConsoleInput.h">
      <Filter>Header Files\Inputs</Filter>
    </ClInclude>
    <ClInclude Include="FourTechAI.h">
      <Filter>Header Files\Inputs</Filter>
    </ClInclude>
    <ClInclude Include="SfmlInput.h">
      <Filter>Header Files\Inputs</Filter>
    </ClInclude>
    <ClInclude Include="Scene.h">
      <Filter>Header Files\Scenes</Filter>
    </ClInclude>
    <ClInclude Include="PlayerSelectionScene.h">
      <Filter>Header Files\Scenes</Filter>
    </ClInclude>
    <ClInclude Include="MainMenuScene.h">
      <Filter>Header Files\Scenes</Filter>
    </ClInclude>
    <ClInclude Include="GamePlayScene.h">
      <Filter>Header Files\Scenes</Filter>
    </ClInclude>
    <ClInclude Include="ConsoleGameBoardRenderer.h">
      <Filter>Header Files\Renderers</Filter>
    </ClInclude>
    <ClInclude Include="Renderer.h">
      <Filter>Header Files\Renderers</Filter>
    </ClInclude>
    <ClInclude Include="SfmlGameBoardRenderer.h">
      <Filter>Header Files\Renderers</Filter>
    </ClInclude>
    <ClInclude Include="SfmlUIRenderer.h">
      <Filter>Header Files\Renderers</Filter>
    </ClInclude>
    <ClInclude Include="SceneManager.h">
      <Filter>Header Files\Scenes</Filter>
    </ClInclude>
    <ClInclude Include="Coordinate.h">
      <Filter>Header Files\Misc</Filter>
    </ClInclude>
    <ClInclude Include="FourTechEvaluator.h">
      <Filter>Header Files\Misc</Filter>
    </ClInclude>
    <ClInclude Include="FourTechRulesHandler.h">
      <Filter>Header Files\Misc</Filter>
    </ClInclude>
    <ClInclude Include="Game.h">
      <Filter>Header Files\Misc</Filter>
    </ClInclude>
    <ClInclude Include="GameBoard.h">
      <Filter>Header Files\Misc</Filter>
    </ClInclude>
    <ClInclude Include="Grid.h">
      <Filter>Header Files\Misc</Filter>
    </ClInclude>
    <ClInclude Include="Minimax.h">
      <Filter>Header Files\Misc</Filter>
    </ClInclude>
    <ClInclude Include="Move.h">
      <Filter>Header Files\Misc</Filter>
    </ClInclude>
    <ClInclude Include="TurnHandler.h">
      <Filter>Header Files\Misc</Filter>
    </ClInclude>
    <ClInclude Include="Window.h">
      <Filter>Header Files\Misc</Filter>
    </ClInclude>
    <ClInclude Include="PieceType.h">
      <Filter>Header Files\Enums</Filter>
    </ClInclude>
    <ClInclude Include="GameStates.h">
      <Filter>Header Files\Enums</Filter>
    </ClInclude>
  </ItemGroup>
  <ItemGroup>
    <Image Include="ASSETS\IMAGES\SFML-LOGO.png">
      <Filter>Resource Files\IMAGES</Filter>
    </Image>
  </ItemGroup>
  <ItemGroup>
    <Font Include="ASSETS\FONTS\ariblk.ttf">
      <Filter>Resource Files\FONTS</Filter>
    </Font>
  </ItemGroup>
</Project>