
Microsoft Visual Studio Solution File, Format Version 12.00
# Visual Studio Version 16
VisualStudioVersion = 16.0.31410.357
MinimumVisualStudioVersion = 10.0.40219.1
Project("{8BC9CEB8-8B4A-11D0-8D11-00A0C91BC942}") = "AIFG-3D-Connect-4", "AIFG-3D-Connect-4\AIFG-3D-Connect-4.vcxproj", "{5B3D09F3-6957-4582-B5EB-39A23DE786AA}"
EndProject
Global
	GlobalSection(SolutionConfigurationPlatforms) = preSolution
		Debug|x64 = Debug|x64
		Debug|x86 = Debug|x86
		Release|x64 = Release|x64
		Release|x86 = Release|x86
	EndGlobalSection
	GlobalSection(ProjectConfigurationPlatforms) = postSolution
		{5B3D09F3-6957-4582-B5EB-39A23DE786AA}.Debug|x64.ActiveCfg = Debug|x64
		{5B3D09F3-6957-4582-B5EB-39A23DE786AA}.Debug|x64.Build.0 = Debug|x64
		{5B3D09F3-6957-4582-B5EB-39A23DE786AA}.Debug|x86.ActiveCfg = Debug|Win32
		{5B3D09F3-6957-4582-B5EB-39A23DE786AA}.Debug|x86.Build.0 = Debug|Win32
		{5B3D09F3-6957-4582-B5EB-39A23DE786AA}.Release|x64.ActiveCfg = Release|x64
		{5B3D09F3-6957-4582-B5EB-39A23DE786AA}.Release|x64.Build.0 = Release|x64
		{5B3D09F3-6957-4582-B5EB-39A23DE786AA}.Release|x86.ActiveCfg = Release|Win32
		{5B3D09F3-6957-4582-B5EB-39A23DE786AA}.Release|x86.Build.0 = Release|Win32
	EndGlobalSection
	GlobalSection(SolutionProperties) = preSolution
		HideSolutionNode = FALSE
	EndGlobalSection
	GlobalSection(ExtensibilityGlobals) = postSolution
		SolutionGuid = {942D4244-DE9F-4E4D-B71B-F82C40EF0AEE}
	EndGlobalSection
EndGlobal
